
Microsoft Visual Studio Solution File, Format Version 12.00
# Visual Studio Version 17
VisualStudioVersion = 17.2.32630.192
MinimumVisualStudioVersion = 10.0.40219.1
Project("{8BC9CEB8-8B4A-11D0-8D11-00A0C91BC942}") = "Study_10_07", "Study_10_07\Study_10_07.vcxproj", "{2F7F1F14-E085-4E10-AACD-6E2016B40516}"
EndProject
Project("{8BC9CEB8-8B4A-11D0-8D11-00A0C91BC942}") = "Study_10_07_1", "Study_10_07_1\Study_10_07_1.vcxproj", "{F2ED9E0C-A57F-4404-A530-4BAEC661220A}"
EndProject
Global
	GlobalSection(SolutionConfigurationPlatforms) = preSolution
		Debug|x64 = Debug|x64
		Debug|x86 = Debug|x86
		Release|x64 = Release|x64
		Release|x86 = Release|x86
	EndGlobalSection
	GlobalSection(ProjectConfigurationPlatforms) = postSolution
		{2F7F1F14-E085-4E10-AACD-6E2016B40516}.Debug|x64.ActiveCfg = Debug|x64
		{2F7F1F14-E085-4E10-AACD-6E2016B40516}.Debug|x64.Build.0 = Debug|x64
		{2F7F1F14-E085-4E10-AACD-6E2016B40516}.Debug|x86.ActiveCfg = Debug|Win32
		{2F7F1F14-E085-4E10-AACD-6E2016B40516}.Debug|x86.Build.0 = Debug|Win32
		{2F7F1F14-E085-4E10-AACD-6E2016B40516}.Release|x64.ActiveCfg = Release|x64
		{2F7F1F14-E085-4E10-AACD-6E2016B40516}.Release|x64.Build.0 = Release|x64
		{2F7F1F14-E085-4E10-AACD-6E2016B40516}.Release|x86.ActiveCfg = Release|Win32
		{2F7F1F14-E085-4E10-AACD-6E2016B40516}.Release|x86.Build.0 = Release|Win32
		{F2ED9E0C-A57F-4404-A530-4BAEC661220A}.Debug|x64.ActiveCfg = Debug|x64
		{F2ED9E0C-A57F-4404-A530-4BAEC661220A}.Debug|x64.Build.0 = Debug|x64
		{F2ED9E0C-A57F-4404-A530-4BAEC661220A}.Debug|x86.ActiveCfg = Debug|Win32
		{F2ED9E0C-A57F-4404-A530-4BAEC661220A}.Debug|x86.Build.0 = Debug|Win32
		{F2ED9E0C-A57F-4404-A530-4BAEC661220A}.Release|x64.ActiveCfg = Release|x64
		{F2ED9E0C-A57F-4404-A530-4BAEC661220A}.Release|x64.Build.0 = Release|x64
		{F2ED9E0C-A57F-4404-A530-4BAEC661220A}.Release|x86.ActiveCfg = Release|Win32
		{F2ED9E0C-A57F-4404-A530-4BAEC661220A}.Release|x86.Build.0 = Release|Win32
	EndGlobalSection
	GlobalSection(SolutionProperties) = preSolution
		HideSolutionNode = FALSE
	EndGlobalSection
	GlobalSection(ExtensibilityGlobals) = postSolution
		SolutionGuid = {89921A3A-C7F0-49AC-A7A5-CBDEB1EDB7EB}
	EndGlobalSection
EndGlobal
